{
  "requires": true,
  "lockfileVersion": 1,
  "dependencies": {
    "clipboard": {
      "version": "2.0.1",
      "resolved": "https://registry.npmjs.org/clipboard/-/clipboard-2.0.1.tgz",
      "integrity": "sha512-7yhQBmtN+uYZmfRjjVjKa0dZdWuabzpSKGtyQZN+9C8xlC788SSJjOHWh7tzurfwTqTD5UDYAhIv5fRJg3sHjQ==",
      "requires": {
        "good-listener": "^1.2.2",
        "select": "^1.1.2",
        "tiny-emitter": "^2.0.0"
      }
    },
    "delegate": {
      "version": "3.2.0",
      "resolved": "https://registry.npmjs.org/delegate/-/delegate-3.2.0.tgz",
      "integrity": "sha512-IofjkYBZaZivn0V8nnsMJGBr4jVLxHDheKSW88PyxS5QC4Vo9ZbZVvhzlSxY87fVq3STR6r+4cGepyHkcWOQSw=="
    },
    "good-listener": {
      "version": "1.2.2",
      "resolved": "https://registry.npmjs.org/good-listener/-/good-listener-1.2.2.tgz",
      "integrity": "sha1-1TswzfkxPf+33JoNR3CWqm0UXFA=",
      "requires": {
        "delegate": "^3.1.2"
      }
    },
    "material-design-icons-iconfont": {
      "version": "3.0.3",
      "resolved": "https://registry.npmjs.org/material-design-icons-iconfont/-/material-design-icons-iconfont-3.0.3.tgz",
      "integrity": "sha1-FUoQhAR9Ticjf6f1o34Qdc7qbfI="
    },
    "minimist": {
      "version": "0.0.8",
      "resolved": "http://registry.npmjs.org/minimist/-/minimist-0.0.8.tgz",
      "integrity": "sha1-hX/Kv8M5fSYluCKCYuhqp6ARsF0="
    },
    "mkdirp": {
      "version": "0.5.1",
      "resolved": "http://registry.npmjs.org/mkdirp/-/mkdirp-0.5.1.tgz",
      "integrity": "sha1-MAV0OOrGz3+MR2fzhkjWaX11yQM=",
      "requires": {
        "minimist": "0.0.8"
      }
    },
    "plotly.js-dist": {
      "version": "1.41.1",
      "resolved": "https://registry.npmjs.org/plotly.js-dist/-/plotly.js-dist-1.41.1.tgz",
      "integrity": "sha512-RKEooBuBeRfO//UksP0fJpeI4J1+TGsx3CNqAzCubugU83NZX9L1jUHxhFyPg3MKiE+T9C+bHaMBsZfOXOJr1Q=="
    },
    "select": {
      "version": "1.1.2",
      "resolved": "https://registry.npmjs.org/select/-/select-1.1.2.tgz",
      "integrity": "sha1-DnNQrN7ICxEIUoeG7B1EGNEbOW0="
    },
    "sortablejs": {
      "version": "1.7.0",
      "resolved": "https://registry.npmjs.org/sortablejs/-/sortablejs-1.7.0.tgz",
      "integrity": "sha1-gKKyNwq9Vo4c7IwnETHvMKkE+ig="
    },
    "tiny-emitter": {
      "version": "2.0.2",
      "resolved": "https://registry.npmjs.org/tiny-emitter/-/tiny-emitter-2.0.2.tgz",
      "integrity": "sha512-2NM0auVBGft5tee/OxP4PI3d8WItkDM+fPnaRAVo6xTDI2knbz9eC5ArWGqtGlYqiH3RU5yMpdyTTO7MguC4ow=="
    },
    "vue-clipboard2": {
      "version": "0.2.1",
      "resolved": "https://registry.npmjs.org/vue-clipboard2/-/vue-clipboard2-0.2.1.tgz",
      "integrity": "sha512-n6ie/0g0bKohmLlC/5ja1esq2Q0jQ5hWmhNSZcvCsWfDeDnVARjl6cBB9p72XV1nlVfuqsZcfV8HTjjZAIlLBA==",
      "requires": {
        "clipboard": "^2.0.0"
      }
    },
    "vuedraggable": {
      "version": "2.16.0",
      "resolved": "https://registry.npmjs.org/vuedraggable/-/vuedraggable-2.16.0.tgz",
      "integrity": "sha512-fr9gcWKXMJlzbbtJcrQs4kU7qdOZqd4SEpAcx+r0nykbW8AygZN0aKVpadEtI53T8A2azhzCdXMvEqrLuKE2fA==",
      "requires": {
        "sortablejs": "^1.7.0"
      }
    }
  }
}
